
Microsoft Visual Studio Solution File, Format Version 12.00
# Visual Studio 15
VisualStudioVersion = 15.0.27130.2027
MinimumVisualStudioVersion = 10.0.40219.1
Project("{FAE04EC0-301F-11D3-BF4B-00C04F79EFBC}") = "AnilShop.Web", "WebAnilShop\AnilShop.Web.csproj", "{B67DCD8F-441E-409E-9508-986EA7D98A50}"
EndProject
Project("{FAE04EC0-301F-11D3-BF4B-00C04F79EFBC}") = "AnilShop.Entities", "AnilShop.Entity\AnilShop.Entities.csproj", "{A7965C57-A4A5-4B40-9CBF-4272B88AD582}"
EndProject
Project("{FAE04EC0-301F-11D3-BF4B-00C04F79EFBC}") = "AnilShop.Core", "AnilShop.Core\AnilShop.Core.csproj", "{0CCEE7FF-F4C4-4B3A-8B6B-A338FF9FF9EB}"
EndProject
Project("{FAE04EC0-301F-11D3-BF4B-00C04F79EFBC}") = "AnilShop.Common", "AnilShop.Common\AnilShop.Common.csproj", "{032D6113-B55F-42F7-82A1-16B585978FA2}"
EndProject
Project("{FAE04EC0-301F-11D3-BF4B-00C04F79EFBC}") = "AnilShop.BusinessLayer", "AnilShop.BusinessLayer\AnilShop.BusinessLayer.csproj", "{FF9D2E72-42C1-424E-87E6-3667F7F7E23D}"
EndProject
Project("{FAE04EC0-301F-11D3-BF4B-00C04F79EFBC}") = "AnilShop.DataAccessLayer", "AnilShop.DataAccessLayer\AnilShop.DataAccessLayer.csproj", "{641BADDB-EB06-4BB2-B5C5-2EAEA1E921A0}"
EndProject
Global
	GlobalSection(SolutionConfigurationPlatforms) = preSolution
		Debug|Any CPU = Debug|Any CPU
		Release|Any CPU = Release|Any CPU
	EndGlobalSection
	GlobalSection(ProjectConfigurationPlatforms) = postSolution
		{B67DCD8F-441E-409E-9508-986EA7D98A50}.Debug|Any CPU.ActiveCfg = Debug|Any CPU
		{B67DCD8F-441E-409E-9508-986EA7D98A50}.Debug|Any CPU.Build.0 = Debug|Any CPU
		{B67DCD8F-441E-409E-9508-986EA7D98A50}.Release|Any CPU.ActiveCfg = Release|Any CPU
		{B67DCD8F-441E-409E-9508-986EA7D98A50}.Release|Any CPU.Build.0 = Release|Any CPU
		{A7965C57-A4A5-4B40-9CBF-4272B88AD582}.Debug|Any CPU.ActiveCfg = Debug|Any CPU
		{A7965C57-A4A5-4B40-9CBF-4272B88AD582}.Debug|Any CPU.Build.0 = Debug|Any CPU
		{A7965C57-A4A5-4B40-9CBF-4272B88AD582}.Release|Any CPU.ActiveCfg = Release|Any CPU
		{A7965C57-A4A5-4B40-9CBF-4272B88AD582}.Release|Any CPU.Build.0 = Release|Any CPU
		{0CCEE7FF-F4C4-4B3A-8B6B-A338FF9FF9EB}.Debug|Any CPU.ActiveCfg = Debug|Any CPU
		{0CCEE7FF-F4C4-4B3A-8B6B-A338FF9FF9EB}.Debug|Any CPU.Build.0 = Debug|Any CPU
		{0CCEE7FF-F4C4-4B3A-8B6B-A338FF9FF9EB}.Release|Any CPU.ActiveCfg = Release|Any CPU
		{0CCEE7FF-F4C4-4B3A-8B6B-A338FF9FF9EB}.Release|Any CPU.Build.0 = Release|Any CPU
		{032D6113-B55F-42F7-82A1-16B585978FA2}.Debug|Any CPU.ActiveCfg = Debug|Any CPU
		{032D6113-B55F-42F7-82A1-16B585978FA2}.Debug|Any CPU.Build.0 = Debug|Any CPU
		{032D6113-B55F-42F7-82A1-16B585978FA2}.Release|Any CPU.ActiveCfg = Release|Any CPU
		{032D6113-B55F-42F7-82A1-16B585978FA2}.Release|Any CPU.Build.0 = Release|Any CPU
		{FF9D2E72-42C1-424E-87E6-3667F7F7E23D}.Debug|Any CPU.ActiveCfg = Debug|Any CPU
		{FF9D2E72-42C1-424E-87E6-3667F7F7E23D}.Debug|Any CPU.Build.0 = Debug|Any CPU
		{FF9D2E72-42C1-424E-87E6-3667F7F7E23D}.Release|Any CPU.ActiveCfg = Release|Any CPU
		{FF9D2E72-42C1-424E-87E6-3667F7F7E23D}.Release|Any CPU.Build.0 = Release|Any CPU
		{641BADDB-EB06-4BB2-B5C5-2EAEA1E921A0}.Debug|Any CPU.ActiveCfg = Debug|Any CPU
		{641BADDB-EB06-4BB2-B5C5-2EAEA1E921A0}.Debug|Any CPU.Build.0 = Debug|Any CPU
		{641BADDB-EB06-4BB2-B5C5-2EAEA1E921A0}.Release|Any CPU.ActiveCfg = Release|Any CPU
		{641BADDB-EB06-4BB2-B5C5-2EAEA1E921A0}.Release|Any CPU.Build.0 = Release|Any CPU
	EndGlobalSection
	GlobalSection(SolutionProperties) = preSolution
		HideSolutionNode = FALSE
	EndGlobalSection
	GlobalSection(ExtensibilityGlobals) = postSolution
		SolutionGuid = {0DFF6379-1743-466A-A494-A6E5A4A7BD5F}
	EndGlobalSection
EndGlobal
